
Microsoft Visual Studio Solution File, Format Version 12.00
# Visual Studio Version 17
VisualStudioVersion = 17.2.32314.332
MinimumVisualStudioVersion = 10.0.40219.1
Project("{9A19103F-16F7-4668-BE54-9A1E7A4F7556}") = "BlazorFluentUIIconsTest", "BlazorFluentUIIconsTest\BlazorFluentUIIconsTest.csproj", "{7A64C59C-A899-42CF-BF3A-0918F7F4B89D}"
EndProject
Project("{9A19103F-16F7-4668-BE54-9A1E7A4F7556}") = "Microsoft.Blazor.FluentUI.Icons.Generator", "Microsoft.Blazor.FluentUI.Icons.Generator\Microsoft.Blazor.FluentUI.Icons.Generator.csproj", "{8C7F88FB-3BE0-43E7-8B88-AC876B15338A}"
EndProject
Project("{9A19103F-16F7-4668-BE54-9A1E7A4F7556}") = "Microsoft.Blazor.FluentUI.Icons", "Microsoft.Blazor.FluentUI.Icons\Microsoft.Blazor.FluentUI.Icons.csproj", "{C34F05CD-72C7-4028-8E77-640AAC35C39F}"
EndProject
Global
	GlobalSection(SolutionConfigurationPlatforms) = preSolution
		Debug|Any CPU = Debug|Any CPU
		Release|Any CPU = Release|Any CPU
	EndGlobalSection
	GlobalSection(ProjectConfigurationPlatforms) = postSolution
		{7A64C59C-A899-42CF-BF3A-0918F7F4B89D}.Debug|Any CPU.ActiveCfg = Debug|Any CPU
		{7A64C59C-A899-42CF-BF3A-0918F7F4B89D}.Debug|Any CPU.Build.0 = Debug|Any CPU
		{7A64C59C-A899-42CF-BF3A-0918F7F4B89D}.Release|Any CPU.ActiveCfg = Release|Any CPU
		{7A64C59C-A899-42CF-BF3A-0918F7F4B89D}.Release|Any CPU.Build.0 = Release|Any CPU
		{8C7F88FB-3BE0-43E7-8B88-AC876B15338A}.Debug|Any CPU.ActiveCfg = Debug|Any CPU
		{8C7F88FB-3BE0-43E7-8B88-AC876B15338A}.Debug|Any CPU.Build.0 = Debug|Any CPU
		{8C7F88FB-3BE0-43E7-8B88-AC876B15338A}.Release|Any CPU.ActiveCfg = Release|Any CPU
		{8C7F88FB-3BE0-43E7-8B88-AC876B15338A}.Release|Any CPU.Build.0 = Release|Any CPU
		{C34F05CD-72C7-4028-8E77-640AAC35C39F}.Debug|Any CPU.ActiveCfg = Debug|Any CPU
		{C34F05CD-72C7-4028-8E77-640AAC35C39F}.Debug|Any CPU.Build.0 = Debug|Any CPU
		{C34F05CD-72C7-4028-8E77-640AAC35C39F}.Release|Any CPU.ActiveCfg = Release|Any CPU
		{C34F05CD-72C7-4028-8E77-640AAC35C39F}.Release|Any CPU.Build.0 = Release|Any CPU
	EndGlobalSection
	GlobalSection(SolutionProperties) = preSolution
		HideSolutionNode = FALSE
	EndGlobalSection
	GlobalSection(ExtensibilityGlobals) = postSolution
		SolutionGuid = {A98FA721-DD60-4375-8012-B67986601A18}
	EndGlobalSection
EndGlobal
